
Microsoft Visual Studio Solution File, Format Version 12.00
# Visual Studio Version 17
VisualStudioVersion = 17.8.34525.116
MinimumVisualStudioVersion = 10.0.40219.1
Project("{FAE04EC0-301F-11D3-BF4B-00C04F79EFBC}") = "ESRealization", "ESRealization\ESRealization.csproj", "{875A19E1-C8C6-42DB-BD5E-6DC20A459D6B}"
EndProject
Global
	GlobalSection(SolutionConfigurationPlatforms) = preSolution
		Debug|Any CPU = Debug|Any CPU
		Release|Any CPU = Release|Any CPU
	EndGlobalSection
	GlobalSection(ProjectConfigurationPlatforms) = postSolution
		{875A19E1-C8C6-42DB-BD5E-6DC20A459D6B}.Debug|Any CPU.ActiveCfg = Debug|Any CPU
		{875A19E1-C8C6-42DB-BD5E-6DC20A459D6B}.Debug|Any CPU.Build.0 = Debug|Any CPU
		{875A19E1-C8C6-42DB-BD5E-6DC20A459D6B}.Release|Any CPU.ActiveCfg = Release|Any CPU
		{875A19E1-C8C6-42DB-BD5E-6DC20A459D6B}.Release|Any CPU.Build.0 = Release|Any CPU
	EndGlobalSection
	GlobalSection(SolutionProperties) = preSolution
		HideSolutionNode = FALSE
	EndGlobalSection
	GlobalSection(ExtensibilityGlobals) = postSolution
		SolutionGuid = {1ACC67BB-55E5-4E13-8057-C7979332F46B}
	EndGlobalSection
EndGlobal
