
Microsoft Visual Studio Solution File, Format Version 12.00
# Visual Studio Version 17
VisualStudioVersion = 17.8.34525.116
MinimumVisualStudioVersion = 10.0.40219.1
Project("{FAE04EC0-301F-11D3-BF4B-00C04F79EFBC}") = "ESContract", "ESContract\ESContract.csproj", "{E2B26993-396C-4F83-81AA-3E86CFEC5AF2}"
EndProject
Global
	GlobalSection(SolutionConfigurationPlatforms) = preSolution
		Debug|Any CPU = Debug|Any CPU
		Release|Any CPU = Release|Any CPU
	EndGlobalSection
	GlobalSection(ProjectConfigurationPlatforms) = postSolution
		{E2B26993-396C-4F83-81AA-3E86CFEC5AF2}.Debug|Any CPU.ActiveCfg = Debug|Any CPU
		{E2B26993-396C-4F83-81AA-3E86CFEC5AF2}.Debug|Any CPU.Build.0 = Debug|Any CPU
		{E2B26993-396C-4F83-81AA-3E86CFEC5AF2}.Release|Any CPU.ActiveCfg = Release|Any CPU
		{E2B26993-396C-4F83-81AA-3E86CFEC5AF2}.Release|Any CPU.Build.0 = Release|Any CPU
	EndGlobalSection
	GlobalSection(SolutionProperties) = preSolution
		HideSolutionNode = FALSE
	EndGlobalSection
	GlobalSection(ExtensibilityGlobals) = postSolution
		SolutionGuid = {8E0C8548-1566-45B9-AAB4-4709690ED91E}
	EndGlobalSection
EndGlobal
